
Microsoft Visual Studio Solution File, Format Version 12.00
# Visual Studio Version 16
VisualStudioVersion = 16.0.29905.134
MinimumVisualStudioVersion = 10.0.40219.1
Project("{9A19103F-16F7-4668-BE54-9A1E7A4F7556}") = "HighScores", "HighScores.csproj", "{24BF4ABA-2A0F-4907-AF8F-29E2D036C6CC}"
EndProject
Global
	GlobalSection(SolutionConfigurationPlatforms) = preSolution
		Debug|Any CPU = Debug|Any CPU
		Release|Any CPU = Release|Any CPU
	EndGlobalSection
	GlobalSection(ProjectConfigurationPlatforms) = postSolution
		{24BF4ABA-2A0F-4907-AF8F-29E2D036C6CC}.Debug|Any CPU.ActiveCfg = Debug|Any CPU
		{24BF4ABA-2A0F-4907-AF8F-29E2D036C6CC}.Debug|Any CPU.Build.0 = Debug|Any CPU
		{24BF4ABA-2A0F-4907-AF8F-29E2D036C6CC}.Release|Any CPU.ActiveCfg = Release|Any CPU
		{24BF4ABA-2A0F-4907-AF8F-29E2D036C6CC}.Release|Any CPU.Build.0 = Release|Any CPU
	EndGlobalSection
	GlobalSection(SolutionProperties) = preSolution
		HideSolutionNode = FALSE
	EndGlobalSection
	GlobalSection(ExtensibilityGlobals) = postSolution
		SolutionGuid = {BB110B00-E71E-4DF0-847C-70D8E8304F4D}
	EndGlobalSection
EndGlobal
