
Microsoft Visual Studio Solution File, Format Version 12.00
# Visual Studio Version 16
VisualStudioVersion = 16.0.30114.105
MinimumVisualStudioVersion = 10.0.40219.1
Project("{9A19103F-16F7-4668-BE54-9A1E7A4F7556}") = "Raindrops", "raindrops\Raindrops.csproj", "{1EDD201C-85CA-4326-99E0-2029685D76EB}"
EndProject
Project("{9A19103F-16F7-4668-BE54-9A1E7A4F7556}") = "Hamming", "hamming\Hamming.csproj", "{2ED06A7D-73DF-4EF3-A01C-66E5A7F935F8}"
EndProject
Project("{9A19103F-16F7-4668-BE54-9A1E7A4F7556}") = "HighScores", "high-scores\HighScores.csproj", "{F0AEC9FC-7818-4A70-8877-851D5F8463C1}"
EndProject
Project("{9A19103F-16F7-4668-BE54-9A1E7A4F7556}") = "PhoneNumber", "phone-number\PhoneNumber.csproj", "{4AB646E0-8B58-4E57-BE72-9713D33D4762}"
EndProject
Project("{9A19103F-16F7-4668-BE54-9A1E7A4F7556}") = "SumOfMultiples", "sum-of-multiples\SumOfMultiples.csproj", "{7C63B86A-A757-4F71-BC19-37061A5A3DFD}"
EndProject
Project("{9A19103F-16F7-4668-BE54-9A1E7A4F7556}") = "ReverseString", "reverse-string\ReverseString.csproj", "{B8F060A3-F70D-4712-8EF5-AAA3A7A707A7}"
EndProject
Project("{9A19103F-16F7-4668-BE54-9A1E7A4F7556}") = "SpaceAge", "space-age\SpaceAge.csproj", "{BA139830-C25B-4AE5-A754-F3174F5121D3}"
EndProject
Project("{9A19103F-16F7-4668-BE54-9A1E7A4F7556}") = "Gigasecond", "gigasecond\Gigasecond.csproj", "{9ACA3CE7-41AB-43D5-BDD6-FE26B4E4CC63}"
EndProject
Project("{9A19103F-16F7-4668-BE54-9A1E7A4F7556}") = "ResistorColor", "resistor-color\ResistorColor.csproj", "{6772CDBA-21DA-407A-8CEE-FE9376E60373}"
EndProject
Project("{9A19103F-16F7-4668-BE54-9A1E7A4F7556}") = "PerfectNumbers", "perfect-numbers\PerfectNumbers.csproj", "{2B5677D0-995E-46BA-9041-D42F022FB94F}"
EndProject
Project("{9A19103F-16F7-4668-BE54-9A1E7A4F7556}") = "Grains", "grains\Grains.csproj", "{F2E26BC8-B419-4DE0-881A-412D4834CB01}"
EndProject
Project("{9A19103F-16F7-4668-BE54-9A1E7A4F7556}") = "Leap", "leap\Leap.csproj", "{69E60706-C82A-4FBF-A579-C409CF20C4A0}"
EndProject
Project("{9A19103F-16F7-4668-BE54-9A1E7A4F7556}") = "Acronym", "acronym\Acronym.csproj", "{909CFC38-455E-418C-A1C4-07E1129A4AA8}"
EndProject
Project("{9A19103F-16F7-4668-BE54-9A1E7A4F7556}") = "Isogram", "isogram\Isogram.csproj", "{6F5F24BD-530B-43EE-937D-C58BC76C44E2}"
EndProject
Project("{9A19103F-16F7-4668-BE54-9A1E7A4F7556}") = "Pangram", "pangram\Pangram.csproj", "{46E6D5F5-27D9-4245-A875-D70F20FE1F28}"
EndProject
Project("{9A19103F-16F7-4668-BE54-9A1E7A4F7556}") = "TwoFer", "two-fer\TwoFer.csproj", "{C30EDF2F-B46F-4125-A939-CD72BD8BB7A3}"
EndProject
Project("{9A19103F-16F7-4668-BE54-9A1E7A4F7556}") = "HelloWorld", "hello-world\HelloWorld.csproj", "{56362A47-A660-408E-8A72-F6B2F96A9719}"
EndProject
Project("{9A19103F-16F7-4668-BE54-9A1E7A4F7556}") = "Strain", "strain\Strain.csproj", "{96B929BD-3851-43A1-BE23-261E6685F885}"
EndProject
Project("{9A19103F-16F7-4668-BE54-9A1E7A4F7556}") = "BeerSong", "beer-song\BeerSong.csproj", "{87C1EEA1-54FC-4098-AA7D-E9D42CD1FE2E}"
EndProject
Project("{9A19103F-16F7-4668-BE54-9A1E7A4F7556}") = "NucleotideCount", "nucleotide-count\NucleotideCount.csproj", "{B609F275-7EF9-464A-911B-9B455C63F23E}"
EndProject
Project("{9A19103F-16F7-4668-BE54-9A1E7A4F7556}") = "SimpleCipher", "simple-cipher\SimpleCipher.csproj", "{112FF389-7328-4673-A52C-397F6800C8BA}"
EndProject
Project("{9A19103F-16F7-4668-BE54-9A1E7A4F7556}") = "RobotName", "robot-name\RobotName.csproj", "{850DFA69-6FFE-4C3F-A825-76A2A2823C3E}"
EndProject
Project("{9A19103F-16F7-4668-BE54-9A1E7A4F7556}") = "Allergies", "allergies\Allergies.csproj", "{EBD75338-97F4-49AC-8744-0A11F0F5DF1B}"
EndProject
Project("{9A19103F-16F7-4668-BE54-9A1E7A4F7556}") = "Anagram", "anagram\Anagram.csproj", "{6E8CBBA7-9B8E-4201-B3D7-A83E8AD748FE}"
EndProject
Global
	GlobalSection(SolutionConfigurationPlatforms) = preSolution
		Debug|Any CPU = Debug|Any CPU
		Release|Any CPU = Release|Any CPU
	EndGlobalSection
	GlobalSection(ProjectConfigurationPlatforms) = postSolution
		{1EDD201C-85CA-4326-99E0-2029685D76EB}.Debug|Any CPU.ActiveCfg = Debug|Any CPU
		{1EDD201C-85CA-4326-99E0-2029685D76EB}.Debug|Any CPU.Build.0 = Debug|Any CPU
		{1EDD201C-85CA-4326-99E0-2029685D76EB}.Release|Any CPU.ActiveCfg = Release|Any CPU
		{1EDD201C-85CA-4326-99E0-2029685D76EB}.Release|Any CPU.Build.0 = Release|Any CPU
		{2ED06A7D-73DF-4EF3-A01C-66E5A7F935F8}.Debug|Any CPU.ActiveCfg = Debug|Any CPU
		{2ED06A7D-73DF-4EF3-A01C-66E5A7F935F8}.Debug|Any CPU.Build.0 = Debug|Any CPU
		{2ED06A7D-73DF-4EF3-A01C-66E5A7F935F8}.Release|Any CPU.ActiveCfg = Release|Any CPU
		{2ED06A7D-73DF-4EF3-A01C-66E5A7F935F8}.Release|Any CPU.Build.0 = Release|Any CPU
		{F0AEC9FC-7818-4A70-8877-851D5F8463C1}.Debug|Any CPU.ActiveCfg = Debug|Any CPU
		{F0AEC9FC-7818-4A70-8877-851D5F8463C1}.Debug|Any CPU.Build.0 = Debug|Any CPU
		{F0AEC9FC-7818-4A70-8877-851D5F8463C1}.Release|Any CPU.ActiveCfg = Release|Any CPU
		{F0AEC9FC-7818-4A70-8877-851D5F8463C1}.Release|Any CPU.Build.0 = Release|Any CPU
		{4AB646E0-8B58-4E57-BE72-9713D33D4762}.Debug|Any CPU.ActiveCfg = Debug|Any CPU
		{4AB646E0-8B58-4E57-BE72-9713D33D4762}.Debug|Any CPU.Build.0 = Debug|Any CPU
		{4AB646E0-8B58-4E57-BE72-9713D33D4762}.Release|Any CPU.ActiveCfg = Release|Any CPU
		{4AB646E0-8B58-4E57-BE72-9713D33D4762}.Release|Any CPU.Build.0 = Release|Any CPU
		{7C63B86A-A757-4F71-BC19-37061A5A3DFD}.Debug|Any CPU.ActiveCfg = Debug|Any CPU
		{7C63B86A-A757-4F71-BC19-37061A5A3DFD}.Debug|Any CPU.Build.0 = Debug|Any CPU
		{7C63B86A-A757-4F71-BC19-37061A5A3DFD}.Release|Any CPU.ActiveCfg = Release|Any CPU
		{7C63B86A-A757-4F71-BC19-37061A5A3DFD}.Release|Any CPU.Build.0 = Release|Any CPU
		{B8F060A3-F70D-4712-8EF5-AAA3A7A707A7}.Debug|Any CPU.ActiveCfg = Debug|Any CPU
		{B8F060A3-F70D-4712-8EF5-AAA3A7A707A7}.Debug|Any CPU.Build.0 = Debug|Any CPU
		{B8F060A3-F70D-4712-8EF5-AAA3A7A707A7}.Release|Any CPU.ActiveCfg = Release|Any CPU
		{B8F060A3-F70D-4712-8EF5-AAA3A7A707A7}.Release|Any CPU.Build.0 = Release|Any CPU
		{BA139830-C25B-4AE5-A754-F3174F5121D3}.Debug|Any CPU.ActiveCfg = Debug|Any CPU
		{BA139830-C25B-4AE5-A754-F3174F5121D3}.Debug|Any CPU.Build.0 = Debug|Any CPU
		{BA139830-C25B-4AE5-A754-F3174F5121D3}.Release|Any CPU.ActiveCfg = Release|Any CPU
		{BA139830-C25B-4AE5-A754-F3174F5121D3}.Release|Any CPU.Build.0 = Release|Any CPU
		{9ACA3CE7-41AB-43D5-BDD6-FE26B4E4CC63}.Debug|Any CPU.ActiveCfg = Debug|Any CPU
		{9ACA3CE7-41AB-43D5-BDD6-FE26B4E4CC63}.Debug|Any CPU.Build.0 = Debug|Any CPU
		{9ACA3CE7-41AB-43D5-BDD6-FE26B4E4CC63}.Release|Any CPU.ActiveCfg = Release|Any CPU
		{9ACA3CE7-41AB-43D5-BDD6-FE26B4E4CC63}.Release|Any CPU.Build.0 = Release|Any CPU
		{6772CDBA-21DA-407A-8CEE-FE9376E60373}.Debug|Any CPU.ActiveCfg = Debug|Any CPU
		{6772CDBA-21DA-407A-8CEE-FE9376E60373}.Debug|Any CPU.Build.0 = Debug|Any CPU
		{6772CDBA-21DA-407A-8CEE-FE9376E60373}.Release|Any CPU.ActiveCfg = Release|Any CPU
		{6772CDBA-21DA-407A-8CEE-FE9376E60373}.Release|Any CPU.Build.0 = Release|Any CPU
		{2B5677D0-995E-46BA-9041-D42F022FB94F}.Debug|Any CPU.ActiveCfg = Debug|Any CPU
		{2B5677D0-995E-46BA-9041-D42F022FB94F}.Debug|Any CPU.Build.0 = Debug|Any CPU
		{2B5677D0-995E-46BA-9041-D42F022FB94F}.Release|Any CPU.ActiveCfg = Release|Any CPU
		{2B5677D0-995E-46BA-9041-D42F022FB94F}.Release|Any CPU.Build.0 = Release|Any CPU
		{F2E26BC8-B419-4DE0-881A-412D4834CB01}.Debug|Any CPU.ActiveCfg = Debug|Any CPU
		{F2E26BC8-B419-4DE0-881A-412D4834CB01}.Debug|Any CPU.Build.0 = Debug|Any CPU
		{F2E26BC8-B419-4DE0-881A-412D4834CB01}.Release|Any CPU.ActiveCfg = Release|Any CPU
		{F2E26BC8-B419-4DE0-881A-412D4834CB01}.Release|Any CPU.Build.0 = Release|Any CPU
		{69E60706-C82A-4FBF-A579-C409CF20C4A0}.Debug|Any CPU.ActiveCfg = Debug|Any CPU
		{69E60706-C82A-4FBF-A579-C409CF20C4A0}.Debug|Any CPU.Build.0 = Debug|Any CPU
		{69E60706-C82A-4FBF-A579-C409CF20C4A0}.Release|Any CPU.ActiveCfg = Release|Any CPU
		{69E60706-C82A-4FBF-A579-C409CF20C4A0}.Release|Any CPU.Build.0 = Release|Any CPU
		{909CFC38-455E-418C-A1C4-07E1129A4AA8}.Debug|Any CPU.ActiveCfg = Debug|Any CPU
		{909CFC38-455E-418C-A1C4-07E1129A4AA8}.Debug|Any CPU.Build.0 = Debug|Any CPU
		{909CFC38-455E-418C-A1C4-07E1129A4AA8}.Release|Any CPU.ActiveCfg = Release|Any CPU
		{909CFC38-455E-418C-A1C4-07E1129A4AA8}.Release|Any CPU.Build.0 = Release|Any CPU
		{6F5F24BD-530B-43EE-937D-C58BC76C44E2}.Debug|Any CPU.ActiveCfg = Debug|Any CPU
		{6F5F24BD-530B-43EE-937D-C58BC76C44E2}.Debug|Any CPU.Build.0 = Debug|Any CPU
		{6F5F24BD-530B-43EE-937D-C58BC76C44E2}.Release|Any CPU.ActiveCfg = Release|Any CPU
		{6F5F24BD-530B-43EE-937D-C58BC76C44E2}.Release|Any CPU.Build.0 = Release|Any CPU
		{46E6D5F5-27D9-4245-A875-D70F20FE1F28}.Debug|Any CPU.ActiveCfg = Debug|Any CPU
		{46E6D5F5-27D9-4245-A875-D70F20FE1F28}.Debug|Any CPU.Build.0 = Debug|Any CPU
		{46E6D5F5-27D9-4245-A875-D70F20FE1F28}.Release|Any CPU.ActiveCfg = Release|Any CPU
		{46E6D5F5-27D9-4245-A875-D70F20FE1F28}.Release|Any CPU.Build.0 = Release|Any CPU
		{C30EDF2F-B46F-4125-A939-CD72BD8BB7A3}.Debug|Any CPU.ActiveCfg = Debug|Any CPU
		{C30EDF2F-B46F-4125-A939-CD72BD8BB7A3}.Debug|Any CPU.Build.0 = Debug|Any CPU
		{C30EDF2F-B46F-4125-A939-CD72BD8BB7A3}.Release|Any CPU.ActiveCfg = Release|Any CPU
		{C30EDF2F-B46F-4125-A939-CD72BD8BB7A3}.Release|Any CPU.Build.0 = Release|Any CPU
		{56362A47-A660-408E-8A72-F6B2F96A9719}.Debug|Any CPU.ActiveCfg = Debug|Any CPU
		{56362A47-A660-408E-8A72-F6B2F96A9719}.Debug|Any CPU.Build.0 = Debug|Any CPU
		{56362A47-A660-408E-8A72-F6B2F96A9719}.Release|Any CPU.ActiveCfg = Release|Any CPU
		{56362A47-A660-408E-8A72-F6B2F96A9719}.Release|Any CPU.Build.0 = Release|Any CPU
		{96B929BD-3851-43A1-BE23-261E6685F885}.Debug|Any CPU.ActiveCfg = Debug|Any CPU
		{96B929BD-3851-43A1-BE23-261E6685F885}.Debug|Any CPU.Build.0 = Debug|Any CPU
		{96B929BD-3851-43A1-BE23-261E6685F885}.Release|Any CPU.ActiveCfg = Release|Any CPU
		{96B929BD-3851-43A1-BE23-261E6685F885}.Release|Any CPU.Build.0 = Release|Any CPU
		{87C1EEA1-54FC-4098-AA7D-E9D42CD1FE2E}.Debug|Any CPU.ActiveCfg = Debug|Any CPU
		{87C1EEA1-54FC-4098-AA7D-E9D42CD1FE2E}.Debug|Any CPU.Build.0 = Debug|Any CPU
		{87C1EEA1-54FC-4098-AA7D-E9D42CD1FE2E}.Release|Any CPU.ActiveCfg = Release|Any CPU
		{87C1EEA1-54FC-4098-AA7D-E9D42CD1FE2E}.Release|Any CPU.Build.0 = Release|Any CPU
		{B609F275-7EF9-464A-911B-9B455C63F23E}.Debug|Any CPU.ActiveCfg = Debug|Any CPU
		{B609F275-7EF9-464A-911B-9B455C63F23E}.Debug|Any CPU.Build.0 = Debug|Any CPU
		{B609F275-7EF9-464A-911B-9B455C63F23E}.Release|Any CPU.ActiveCfg = Release|Any CPU
		{B609F275-7EF9-464A-911B-9B455C63F23E}.Release|Any CPU.Build.0 = Release|Any CPU
		{112FF389-7328-4673-A52C-397F6800C8BA}.Debug|Any CPU.ActiveCfg = Debug|Any CPU
		{112FF389-7328-4673-A52C-397F6800C8BA}.Debug|Any CPU.Build.0 = Debug|Any CPU
		{112FF389-7328-4673-A52C-397F6800C8BA}.Release|Any CPU.ActiveCfg = Release|Any CPU
		{112FF389-7328-4673-A52C-397F6800C8BA}.Release|Any CPU.Build.0 = Release|Any CPU
		{850DFA69-6FFE-4C3F-A825-76A2A2823C3E}.Debug|Any CPU.ActiveCfg = Debug|Any CPU
		{850DFA69-6FFE-4C3F-A825-76A2A2823C3E}.Debug|Any CPU.Build.0 = Debug|Any CPU
		{850DFA69-6FFE-4C3F-A825-76A2A2823C3E}.Release|Any CPU.ActiveCfg = Release|Any CPU
		{850DFA69-6FFE-4C3F-A825-76A2A2823C3E}.Release|Any CPU.Build.0 = Release|Any CPU
		{EBD75338-97F4-49AC-8744-0A11F0F5DF1B}.Debug|Any CPU.ActiveCfg = Debug|Any CPU
		{EBD75338-97F4-49AC-8744-0A11F0F5DF1B}.Debug|Any CPU.Build.0 = Debug|Any CPU
		{EBD75338-97F4-49AC-8744-0A11F0F5DF1B}.Release|Any CPU.ActiveCfg = Release|Any CPU
		{EBD75338-97F4-49AC-8744-0A11F0F5DF1B}.Release|Any CPU.Build.0 = Release|Any CPU
		{6E8CBBA7-9B8E-4201-B3D7-A83E8AD748FE}.Debug|Any CPU.ActiveCfg = Debug|Any CPU
		{6E8CBBA7-9B8E-4201-B3D7-A83E8AD748FE}.Debug|Any CPU.Build.0 = Debug|Any CPU
		{6E8CBBA7-9B8E-4201-B3D7-A83E8AD748FE}.Release|Any CPU.ActiveCfg = Release|Any CPU
		{6E8CBBA7-9B8E-4201-B3D7-A83E8AD748FE}.Release|Any CPU.Build.0 = Release|Any CPU
	EndGlobalSection
	GlobalSection(SolutionProperties) = preSolution
		HideSolutionNode = FALSE
	EndGlobalSection
	GlobalSection(ExtensibilityGlobals) = postSolution
		SolutionGuid = {BF3852B3-986F-48CD-9104-02948C66A090}
	EndGlobalSection
EndGlobal
