
Microsoft Visual Studio Solution File, Format Version 12.00
# Visual Studio Version 16
VisualStudioVersion = 16.0.29905.134
MinimumVisualStudioVersion = 10.0.40219.1
Project("{9A19103F-16F7-4668-BE54-9A1E7A4F7556}") = "SumOfMultiples", "SumOfMultiples.csproj", "{1D7D84F9-F3CC-4DF8-AF36-8AC4098C9F1C}"
EndProject
Global
	GlobalSection(SolutionConfigurationPlatforms) = preSolution
		Debug|Any CPU = Debug|Any CPU
		Release|Any CPU = Release|Any CPU
	EndGlobalSection
	GlobalSection(ProjectConfigurationPlatforms) = postSolution
		{1D7D84F9-F3CC-4DF8-AF36-8AC4098C9F1C}.Debug|Any CPU.ActiveCfg = Debug|Any CPU
		{1D7D84F9-F3CC-4DF8-AF36-8AC4098C9F1C}.Debug|Any CPU.Build.0 = Debug|Any CPU
		{1D7D84F9-F3CC-4DF8-AF36-8AC4098C9F1C}.Release|Any CPU.ActiveCfg = Release|Any CPU
		{1D7D84F9-F3CC-4DF8-AF36-8AC4098C9F1C}.Release|Any CPU.Build.0 = Release|Any CPU
	EndGlobalSection
	GlobalSection(SolutionProperties) = preSolution
		HideSolutionNode = FALSE
	EndGlobalSection
	GlobalSection(ExtensibilityGlobals) = postSolution
		SolutionGuid = {B1E89F0D-9B59-4735-B777-EF97A57EADBF}
	EndGlobalSection
EndGlobal
